
Microsoft Visual Studio Solution File, Format Version 12.00
# Visual Studio 15
VisualStudioVersion = 15.0.28307.1972
MinimumVisualStudioVersion = 10.0.40219.1
Project("{FAE04EC0-301F-11D3-BF4B-00C04F79EFBC}") = "CalculatorWebAPI", "CalculatorWebAPI\CalculatorWebAPI.csproj", "{7B4A1904-B187-40A6-B76F-9C5083822131}"
EndProject
Project("{FAE04EC0-301F-11D3-BF4B-00C04F79EFBC}") = "CalculatorFront", "CalculatorFront\CalculatorFront.csproj", "{CE3C0096-D117-4E20-B54A-8F9E26D6E826}"
EndProject
Global
	GlobalSection(SolutionConfigurationPlatforms) = preSolution
		Debug|Any CPU = Debug|Any CPU
		Release|Any CPU = Release|Any CPU
	EndGlobalSection
	GlobalSection(ProjectConfigurationPlatforms) = postSolution
		{7B4A1904-B187-40A6-B76F-9C5083822131}.Debug|Any CPU.ActiveCfg = Debug|Any CPU
		{7B4A1904-B187-40A6-B76F-9C5083822131}.Debug|Any CPU.Build.0 = Debug|Any CPU
		{7B4A1904-B187-40A6-B76F-9C5083822131}.Release|Any CPU.ActiveCfg = Release|Any CPU
		{7B4A1904-B187-40A6-B76F-9C5083822131}.Release|Any CPU.Build.0 = Release|Any CPU
		{CE3C0096-D117-4E20-B54A-8F9E26D6E826}.Debug|Any CPU.ActiveCfg = Debug|Any CPU
		{CE3C0096-D117-4E20-B54A-8F9E26D6E826}.Debug|Any CPU.Build.0 = Debug|Any CPU
		{CE3C0096-D117-4E20-B54A-8F9E26D6E826}.Release|Any CPU.ActiveCfg = Release|Any CPU
		{CE3C0096-D117-4E20-B54A-8F9E26D6E826}.Release|Any CPU.Build.0 = Release|Any CPU
	EndGlobalSection
	GlobalSection(SolutionProperties) = preSolution
		HideSolutionNode = FALSE
	EndGlobalSection
	GlobalSection(ExtensibilityGlobals) = postSolution
		SolutionGuid = {34C7FBC3-8A8A-427B-8B9D-E6025780DADD}
	EndGlobalSection
EndGlobal
